
Microsoft Visual Studio Solution File, Format Version 12.00
# Visual Studio Version 17
VisualStudioVersion = 17.6.33801.468
MinimumVisualStudioVersion = 10.0.40219.1
Project("{9A19103F-16F7-4668-BE54-9A1E7A4F7556}") = "DoctorWho.API", "DoctorWho.API\DoctorWho.API.csproj", "{6F9692E9-E30F-411E-A3FF-4E43511FF824}"
	ProjectSection(ProjectDependencies) = postProject
		{2548290E-8B45-43A2-A33F-15BA74FBADBB} = {2548290E-8B45-43A2-A33F-15BA74FBADBB}
		{9DAD4152-33A7-444D-B23D-3704F5112C84} = {9DAD4152-33A7-444D-B23D-3704F5112C84}
	EndProjectSection
EndProject
Project("{9A19103F-16F7-4668-BE54-9A1E7A4F7556}") = "DoctorWhoDomain", "DoctorWhoDomain\DoctorWhoDomain.csproj", "{9DAD4152-33A7-444D-B23D-3704F5112C84}"
EndProject
Project("{9A19103F-16F7-4668-BE54-9A1E7A4F7556}") = "DoctorWhoData", "DoctorWhoData\DoctorWhoData.csproj", "{2548290E-8B45-43A2-A33F-15BA74FBADBB}"
EndProject
Global
	GlobalSection(SolutionConfigurationPlatforms) = preSolution
		Debug|Any CPU = Debug|Any CPU
		Release|Any CPU = Release|Any CPU
	EndGlobalSection
	GlobalSection(ProjectConfigurationPlatforms) = postSolution
		{6F9692E9-E30F-411E-A3FF-4E43511FF824}.Debug|Any CPU.ActiveCfg = Debug|Any CPU
		{6F9692E9-E30F-411E-A3FF-4E43511FF824}.Debug|Any CPU.Build.0 = Debug|Any CPU
		{6F9692E9-E30F-411E-A3FF-4E43511FF824}.Release|Any CPU.ActiveCfg = Release|Any CPU
		{6F9692E9-E30F-411E-A3FF-4E43511FF824}.Release|Any CPU.Build.0 = Release|Any CPU
		{9DAD4152-33A7-444D-B23D-3704F5112C84}.Debug|Any CPU.ActiveCfg = Debug|Any CPU
		{9DAD4152-33A7-444D-B23D-3704F5112C84}.Debug|Any CPU.Build.0 = Debug|Any CPU
		{9DAD4152-33A7-444D-B23D-3704F5112C84}.Release|Any CPU.ActiveCfg = Release|Any CPU
		{9DAD4152-33A7-444D-B23D-3704F5112C84}.Release|Any CPU.Build.0 = Release|Any CPU
		{2548290E-8B45-43A2-A33F-15BA74FBADBB}.Debug|Any CPU.ActiveCfg = Debug|Any CPU
		{2548290E-8B45-43A2-A33F-15BA74FBADBB}.Debug|Any CPU.Build.0 = Debug|Any CPU
		{2548290E-8B45-43A2-A33F-15BA74FBADBB}.Release|Any CPU.ActiveCfg = Release|Any CPU
		{2548290E-8B45-43A2-A33F-15BA74FBADBB}.Release|Any CPU.Build.0 = Release|Any CPU
	EndGlobalSection
	GlobalSection(SolutionProperties) = preSolution
		HideSolutionNode = FALSE
	EndGlobalSection
	GlobalSection(ExtensibilityGlobals) = postSolution
		SolutionGuid = {8385EF46-4F2B-4DC0-8FF7-B37DD7B87A40}
	EndGlobalSection
EndGlobal
